
Microsoft Visual Studio Solution File, Format Version 12.00
# Visual Studio Version 17
VisualStudioVersion = 17.13.36105.23 d17.13
MinimumVisualStudioVersion = 10.0.40219.1
Project("{FAE04EC0-301F-11D3-BF4B-00C04F79EFBC}") = "Tapio.Authentication.Samples", "Tapio.Authentication\Tapio.Authentication.Samples.csproj", "{C98A461E-C76F-4B0D-AD67-EF324118DE9D}"
EndProject
Project("{2150E333-8FDC-42A3-9474-1A3956D46DE8}") = "Samples", "Samples", "{02EA681E-C7D8-13C7-8484-4AC65E1B71E8}"
EndProject
Global
	GlobalSection(SolutionConfigurationPlatforms) = preSolution
		Debug|Any CPU = Debug|Any CPU
		Release|Any CPU = Release|Any CPU
	EndGlobalSection
	GlobalSection(ProjectConfigurationPlatforms) = postSolution
		{C98A461E-C76F-4B0D-AD67-EF324118DE9D}.Debug|Any CPU.ActiveCfg = Debug|Any CPU
		{C98A461E-C76F-4B0D-AD67-EF324118DE9D}.Debug|Any CPU.Build.0 = Debug|Any CPU
		{C98A461E-C76F-4B0D-AD67-EF324118DE9D}.Release|Any CPU.ActiveCfg = Release|Any CPU
		{C98A461E-C76F-4B0D-AD67-EF324118DE9D}.Release|Any CPU.Build.0 = Release|Any CPU
	EndGlobalSection
	GlobalSection(SolutionProperties) = preSolution
		HideSolutionNode = FALSE
	EndGlobalSection
	GlobalSection(NestedProjects) = preSolution
		{C98A461E-C76F-4B0D-AD67-EF324118DE9D} = {02EA681E-C7D8-13C7-8484-4AC65E1B71E8}
	EndGlobalSection
	GlobalSection(ExtensibilityGlobals) = postSolution
		SolutionGuid = {7F3F3BB8-053D-4A55-AFA3-3D19A59DEC1D}
	EndGlobalSection
EndGlobal
